
Microsoft Visual Studio Solution File, Format Version 12.00
# Visual Studio Version 17
VisualStudioVersion = 17.9.34607.119
MinimumVisualStudioVersion = 10.0.40219.1
Project("{2150E333-8FDC-42A3-9474-1A3956D46DE8}") = "Chapter01", "Chapter01", "{49B7CFD5-5AD8-48EC-A8E1-637406C5CC05}"
EndProject
Project("{FAE04EC0-301F-11D3-BF4B-00C04F79EFBC}") = "ProductSample", "Chapter01\ProductSample\ProductSample.csproj", "{AB511D66-4CC1-493D-BAD2-8A4C9DCCC8F8}"
EndProject
Project("{2150E333-8FDC-42A3-9474-1A3956D46DE8}") = "Chapter02", "Chapter02", "{BE965A3B-9C72-4A75-9B35-F5160200CAB2}"
EndProject
Project("{FAE04EC0-301F-11D3-BF4B-00C04F79EFBC}") = "DistanceConverter", "Chapter02\DistanceConverter\DistanceConverter.csproj", "{EB77809A-C20E-4469-B10A-044F6EF290AA}"
EndProject
Project("{FAE04EC0-301F-11D3-BF4B-00C04F79EFBC}") = "Sample_p38", "Chapter01\Sample_p38\Sample_p38\Sample_p38.csproj", "{02172753-926E-4688-87DD-C8519CE09E97}"
EndProject
Project("{2150E333-8FDC-42A3-9474-1A3956D46DE8}") = "距離換算プログラム", "距離換算プログラム", "{09F2E42B-E63B-405D-9B5F-1F32E423D5EC}"
EndProject
Project("{2150E333-8FDC-42A3-9474-1A3956D46DE8}") = "売上集計プログラム", "売上集計プログラム", "{23152A06-8271-42C1-B1FD-553E52D6CF36}"
EndProject
Project("{FAE04EC0-301F-11D3-BF4B-00C04F79EFBC}") = "SalesCounter", "Chapter02\SalesCounter\SalesCounter.csproj", "{400A551D-AE0E-4B68-BC4A-DA4BEC3FD529}"
EndProject
Project("{2150E333-8FDC-42A3-9474-1A3956D46DE8}") = "＃演習問題", "＃演習問題", "{34E07B4C-7871-4704-95D1-4818A9EA6D58}"
EndProject
Project("{FAE04EC0-301F-11D3-BF4B-00C04F79EFBC}") = "Exercise1", "Chapter02\演習\Exercise1\Exercise1.csproj", "{33EBAE8D-F327-43FC-ABC5-62E93CBA2085}"
EndProject
Project("{FAE04EC0-301F-11D3-BF4B-00C04F79EFBC}") = "Exercise2", "Chapter02\演習\Exercise2\Exercise2.csproj", "{F8BAA337-4F79-4D5D-9948-70F39332906A}"
EndProject
Project("{2150E333-8FDC-42A3-9474-1A3956D46DE8}") = "FomApps", "FomApps", "{417B38D3-A522-4D93-B8CF-45E5F86F2A5B}"
EndProject
Project("{9A19103F-16F7-4668-BE54-9A1E7A4F7556}") = "BallApp", "FomApps\BallApp\BallApp.csproj", "{AC2CC60C-679A-464A-A648-D8D19130C44E}"
EndProject
Project("{2150E333-8FDC-42A3-9474-1A3956D46DE8}") = "Chapter03", "Chapter03", "{61502569-EB15-48C7-880C-8600396CD461}"
EndProject
Project("{FAE04EC0-301F-11D3-BF4B-00C04F79EFBC}") = "Section01", "Chapter03\Section01\Section01.csproj", "{F75D8CD8-DFD7-46DA-A5BA-D9B461B8C1AC}"
EndProject
Project("{2150E333-8FDC-42A3-9474-1A3956D46DE8}") = "演習問題", "演習問題", "{D8A35757-08BC-49E8-93B3-00CE47984A52}"
EndProject
Project("{FAE04EC0-301F-11D3-BF4B-00C04F79EFBC}") = "Exercise01", "Chapter03\演習問題\Exercise01\Exercise01.csproj", "{5A40AC85-2598-4008-9841-A1120E54B7F0}"
EndProject
Project("{FAE04EC0-301F-11D3-BF4B-00C04F79EFBC}") = "Exercise02", "Chapter03\演習問題\Exercise02\Exercise02\Exercise02.csproj", "{3D9D52C7-316C-4EB3-A840-4AB7085FF378}"
EndProject
Project("{2150E333-8FDC-42A3-9474-1A3956D46DE8}") = "Chapter04", "Chapter04", "{BA63C8FB-164F-4D18-80FE-4EF90FCB3E44}"
EndProject
Project("{FAE04EC0-301F-11D3-BF4B-00C04F79EFBC}") = "Section01", "Chapter04\Section01\Section01.csproj", "{A0436BBB-CEE7-4FD9-B9DB-9C89950FFAE4}"
EndProject
Project("{2150E333-8FDC-42A3-9474-1A3956D46DE8}") = "演習問題", "演習問題", "{7B797EC2-69E1-4553-8E04-5CB4A71BFC7A}"
EndProject
Project("{FAE04EC0-301F-11D3-BF4B-00C04F79EFBC}") = "Exercise01", "Chapter04\演習問題\Exercise01\Exercise01.csproj", "{2EBF9A92-D97D-4025-AD12-AC062814E210}"
EndProject
Project("{FAE04EC0-301F-11D3-BF4B-00C04F79EFBC}") = "Exercise02", "Chapter04\演習問題\Exercise02\Exercise02.csproj", "{D4F4B3C5-332B-40BE-9AEE-0A29412A13D3}"
EndProject
Project("{2150E333-8FDC-42A3-9474-1A3956D46DE8}") = "Chapter05", "Chapter05", "{C5097339-22FB-4E4F-8927-A51D7D3FA2CE}"
EndProject
Project("{2150E333-8FDC-42A3-9474-1A3956D46DE8}") = "演習問題", "演習問題", "{4B558809-88EE-4B26-9CF1-7E245ECD6AD8}"
EndProject
Project("{FAE04EC0-301F-11D3-BF4B-00C04F79EFBC}") = "Exercise02", "Chapter05\演習問題\Exercise02\Exercise02.csproj", "{26802505-F394-4539-A79C-49E9278B0C42}"
EndProject
Project("{FAE04EC0-301F-11D3-BF4B-00C04F79EFBC}") = "Exercise03", "Chapter05\演習問題\Exercise03\Exercise03.csproj", "{7E20C775-3E00-42B0-93E2-5DEE67167C62}"
EndProject
Project("{FAE04EC0-301F-11D3-BF4B-00C04F79EFBC}") = "Exercise01", "Chapter05\演習問題\Exercise01\Exercise01\Exercise01.csproj", "{9887DBB5-4B3B-48A9-9E85-35846097C02F}"
EndProject
Global
	GlobalSection(SolutionConfigurationPlatforms) = preSolution
		Debug|Any CPU = Debug|Any CPU
		Release|Any CPU = Release|Any CPU
	EndGlobalSection
	GlobalSection(ProjectConfigurationPlatforms) = postSolution
		{AB511D66-4CC1-493D-BAD2-8A4C9DCCC8F8}.Debug|Any CPU.ActiveCfg = Debug|Any CPU
		{AB511D66-4CC1-493D-BAD2-8A4C9DCCC8F8}.Debug|Any CPU.Build.0 = Debug|Any CPU
		{AB511D66-4CC1-493D-BAD2-8A4C9DCCC8F8}.Release|Any CPU.ActiveCfg = Release|Any CPU
		{AB511D66-4CC1-493D-BAD2-8A4C9DCCC8F8}.Release|Any CPU.Build.0 = Release|Any CPU
		{EB77809A-C20E-4469-B10A-044F6EF290AA}.Debug|Any CPU.ActiveCfg = Debug|Any CPU
		{EB77809A-C20E-4469-B10A-044F6EF290AA}.Debug|Any CPU.Build.0 = Debug|Any CPU
		{EB77809A-C20E-4469-B10A-044F6EF290AA}.Release|Any CPU.ActiveCfg = Release|Any CPU
		{EB77809A-C20E-4469-B10A-044F6EF290AA}.Release|Any CPU.Build.0 = Release|Any CPU
		{02172753-926E-4688-87DD-C8519CE09E97}.Debug|Any CPU.ActiveCfg = Debug|Any CPU
		{02172753-926E-4688-87DD-C8519CE09E97}.Debug|Any CPU.Build.0 = Debug|Any CPU
		{02172753-926E-4688-87DD-C8519CE09E97}.Release|Any CPU.ActiveCfg = Release|Any CPU
		{02172753-926E-4688-87DD-C8519CE09E97}.Release|Any CPU.Build.0 = Release|Any CPU
		{400A551D-AE0E-4B68-BC4A-DA4BEC3FD529}.Debug|Any CPU.ActiveCfg = Debug|Any CPU
		{400A551D-AE0E-4B68-BC4A-DA4BEC3FD529}.Debug|Any CPU.Build.0 = Debug|Any CPU
		{400A551D-AE0E-4B68-BC4A-DA4BEC3FD529}.Release|Any CPU.ActiveCfg = Release|Any CPU
		{400A551D-AE0E-4B68-BC4A-DA4BEC3FD529}.Release|Any CPU.Build.0 = Release|Any CPU
		{33EBAE8D-F327-43FC-ABC5-62E93CBA2085}.Debug|Any CPU.ActiveCfg = Debug|Any CPU
		{33EBAE8D-F327-43FC-ABC5-62E93CBA2085}.Debug|Any CPU.Build.0 = Debug|Any CPU
		{33EBAE8D-F327-43FC-ABC5-62E93CBA2085}.Release|Any CPU.ActiveCfg = Release|Any CPU
		{33EBAE8D-F327-43FC-ABC5-62E93CBA2085}.Release|Any CPU.Build.0 = Release|Any CPU
		{F8BAA337-4F79-4D5D-9948-70F39332906A}.Debug|Any CPU.ActiveCfg = Debug|Any CPU
		{F8BAA337-4F79-4D5D-9948-70F39332906A}.Debug|Any CPU.Build.0 = Debug|Any CPU
		{F8BAA337-4F79-4D5D-9948-70F39332906A}.Release|Any CPU.ActiveCfg = Release|Any CPU
		{F8BAA337-4F79-4D5D-9948-70F39332906A}.Release|Any CPU.Build.0 = Release|Any CPU
		{AC2CC60C-679A-464A-A648-D8D19130C44E}.Debug|Any CPU.ActiveCfg = Debug|Any CPU
		{AC2CC60C-679A-464A-A648-D8D19130C44E}.Debug|Any CPU.Build.0 = Debug|Any CPU
		{AC2CC60C-679A-464A-A648-D8D19130C44E}.Release|Any CPU.ActiveCfg = Release|Any CPU
		{AC2CC60C-679A-464A-A648-D8D19130C44E}.Release|Any CPU.Build.0 = Release|Any CPU
		{F75D8CD8-DFD7-46DA-A5BA-D9B461B8C1AC}.Debug|Any CPU.ActiveCfg = Debug|Any CPU
		{F75D8CD8-DFD7-46DA-A5BA-D9B461B8C1AC}.Debug|Any CPU.Build.0 = Debug|Any CPU
		{F75D8CD8-DFD7-46DA-A5BA-D9B461B8C1AC}.Release|Any CPU.ActiveCfg = Release|Any CPU
		{F75D8CD8-DFD7-46DA-A5BA-D9B461B8C1AC}.Release|Any CPU.Build.0 = Release|Any CPU
		{5A40AC85-2598-4008-9841-A1120E54B7F0}.Debug|Any CPU.ActiveCfg = Debug|Any CPU
		{5A40AC85-2598-4008-9841-A1120E54B7F0}.Debug|Any CPU.Build.0 = Debug|Any CPU
		{5A40AC85-2598-4008-9841-A1120E54B7F0}.Release|Any CPU.ActiveCfg = Release|Any CPU
		{5A40AC85-2598-4008-9841-A1120E54B7F0}.Release|Any CPU.Build.0 = Release|Any CPU
		{3D9D52C7-316C-4EB3-A840-4AB7085FF378}.Debug|Any CPU.ActiveCfg = Debug|Any CPU
		{3D9D52C7-316C-4EB3-A840-4AB7085FF378}.Debug|Any CPU.Build.0 = Debug|Any CPU
		{3D9D52C7-316C-4EB3-A840-4AB7085FF378}.Release|Any CPU.ActiveCfg = Release|Any CPU
		{3D9D52C7-316C-4EB3-A840-4AB7085FF378}.Release|Any CPU.Build.0 = Release|Any CPU
		{A0436BBB-CEE7-4FD9-B9DB-9C89950FFAE4}.Debug|Any CPU.ActiveCfg = Debug|Any CPU
		{A0436BBB-CEE7-4FD9-B9DB-9C89950FFAE4}.Debug|Any CPU.Build.0 = Debug|Any CPU
		{A0436BBB-CEE7-4FD9-B9DB-9C89950FFAE4}.Release|Any CPU.ActiveCfg = Release|Any CPU
		{A0436BBB-CEE7-4FD9-B9DB-9C89950FFAE4}.Release|Any CPU.Build.0 = Release|Any CPU
		{2EBF9A92-D97D-4025-AD12-AC062814E210}.Debug|Any CPU.ActiveCfg = Debug|Any CPU
		{2EBF9A92-D97D-4025-AD12-AC062814E210}.Debug|Any CPU.Build.0 = Debug|Any CPU
		{2EBF9A92-D97D-4025-AD12-AC062814E210}.Release|Any CPU.ActiveCfg = Release|Any CPU
		{2EBF9A92-D97D-4025-AD12-AC062814E210}.Release|Any CPU.Build.0 = Release|Any CPU
		{D4F4B3C5-332B-40BE-9AEE-0A29412A13D3}.Debug|Any CPU.ActiveCfg = Debug|Any CPU
		{D4F4B3C5-332B-40BE-9AEE-0A29412A13D3}.Debug|Any CPU.Build.0 = Debug|Any CPU
		{D4F4B3C5-332B-40BE-9AEE-0A29412A13D3}.Release|Any CPU.ActiveCfg = Release|Any CPU
		{D4F4B3C5-332B-40BE-9AEE-0A29412A13D3}.Release|Any CPU.Build.0 = Release|Any CPU
		{26802505-F394-4539-A79C-49E9278B0C42}.Debug|Any CPU.ActiveCfg = Debug|Any CPU
		{26802505-F394-4539-A79C-49E9278B0C42}.Debug|Any CPU.Build.0 = Debug|Any CPU
		{26802505-F394-4539-A79C-49E9278B0C42}.Release|Any CPU.ActiveCfg = Release|Any CPU
		{26802505-F394-4539-A79C-49E9278B0C42}.Release|Any CPU.Build.0 = Release|Any CPU
		{7E20C775-3E00-42B0-93E2-5DEE67167C62}.Debug|Any CPU.ActiveCfg = Debug|Any CPU
		{7E20C775-3E00-42B0-93E2-5DEE67167C62}.Debug|Any CPU.Build.0 = Debug|Any CPU
		{7E20C775-3E00-42B0-93E2-5DEE67167C62}.Release|Any CPU.ActiveCfg = Release|Any CPU
		{7E20C775-3E00-42B0-93E2-5DEE67167C62}.Release|Any CPU.Build.0 = Release|Any CPU
		{9887DBB5-4B3B-48A9-9E85-35846097C02F}.Debug|Any CPU.ActiveCfg = Debug|Any CPU
		{9887DBB5-4B3B-48A9-9E85-35846097C02F}.Debug|Any CPU.Build.0 = Debug|Any CPU
		{9887DBB5-4B3B-48A9-9E85-35846097C02F}.Release|Any CPU.ActiveCfg = Release|Any CPU
		{9887DBB5-4B3B-48A9-9E85-35846097C02F}.Release|Any CPU.Build.0 = Release|Any CPU
	EndGlobalSection
	GlobalSection(SolutionProperties) = preSolution
		HideSolutionNode = FALSE
	EndGlobalSection
	GlobalSection(NestedProjects) = preSolution
		{AB511D66-4CC1-493D-BAD2-8A4C9DCCC8F8} = {49B7CFD5-5AD8-48EC-A8E1-637406C5CC05}
		{EB77809A-C20E-4469-B10A-044F6EF290AA} = {09F2E42B-E63B-405D-9B5F-1F32E423D5EC}
		{02172753-926E-4688-87DD-C8519CE09E97} = {49B7CFD5-5AD8-48EC-A8E1-637406C5CC05}
		{09F2E42B-E63B-405D-9B5F-1F32E423D5EC} = {BE965A3B-9C72-4A75-9B35-F5160200CAB2}
		{23152A06-8271-42C1-B1FD-553E52D6CF36} = {BE965A3B-9C72-4A75-9B35-F5160200CAB2}
		{400A551D-AE0E-4B68-BC4A-DA4BEC3FD529} = {23152A06-8271-42C1-B1FD-553E52D6CF36}
		{34E07B4C-7871-4704-95D1-4818A9EA6D58} = {BE965A3B-9C72-4A75-9B35-F5160200CAB2}
		{33EBAE8D-F327-43FC-ABC5-62E93CBA2085} = {34E07B4C-7871-4704-95D1-4818A9EA6D58}
		{F8BAA337-4F79-4D5D-9948-70F39332906A} = {34E07B4C-7871-4704-95D1-4818A9EA6D58}
		{AC2CC60C-679A-464A-A648-D8D19130C44E} = {417B38D3-A522-4D93-B8CF-45E5F86F2A5B}
		{F75D8CD8-DFD7-46DA-A5BA-D9B461B8C1AC} = {61502569-EB15-48C7-880C-8600396CD461}
		{D8A35757-08BC-49E8-93B3-00CE47984A52} = {61502569-EB15-48C7-880C-8600396CD461}
		{5A40AC85-2598-4008-9841-A1120E54B7F0} = {D8A35757-08BC-49E8-93B3-00CE47984A52}
		{3D9D52C7-316C-4EB3-A840-4AB7085FF378} = {D8A35757-08BC-49E8-93B3-00CE47984A52}
		{A0436BBB-CEE7-4FD9-B9DB-9C89950FFAE4} = {BA63C8FB-164F-4D18-80FE-4EF90FCB3E44}
		{7B797EC2-69E1-4553-8E04-5CB4A71BFC7A} = {BA63C8FB-164F-4D18-80FE-4EF90FCB3E44}
		{2EBF9A92-D97D-4025-AD12-AC062814E210} = {7B797EC2-69E1-4553-8E04-5CB4A71BFC7A}
		{D4F4B3C5-332B-40BE-9AEE-0A29412A13D3} = {7B797EC2-69E1-4553-8E04-5CB4A71BFC7A}
		{4B558809-88EE-4B26-9CF1-7E245ECD6AD8} = {C5097339-22FB-4E4F-8927-A51D7D3FA2CE}
		{26802505-F394-4539-A79C-49E9278B0C42} = {4B558809-88EE-4B26-9CF1-7E245ECD6AD8}
		{7E20C775-3E00-42B0-93E2-5DEE67167C62} = {4B558809-88EE-4B26-9CF1-7E245ECD6AD8}
		{9887DBB5-4B3B-48A9-9E85-35846097C02F} = {4B558809-88EE-4B26-9CF1-7E245ECD6AD8}
	EndGlobalSection
	GlobalSection(ExtensibilityGlobals) = postSolution
		SolutionGuid = {747255DC-99FA-43C4-A260-476CBD864825}
	EndGlobalSection
EndGlobal
