
Microsoft Visual Studio Solution File, Format Version 12.00
# Visual Studio Version 17
VisualStudioVersion = 17.9.34607.119
MinimumVisualStudioVersion = 10.0.40219.1
Project("{2150E333-8FDC-42A3-9474-1A3956D46DE8}") = "Chapter01", "Chapter01", "{49B7CFD5-5AD8-48EC-A8E1-637406C5CC05}"
EndProject
Project("{FAE04EC0-301F-11D3-BF4B-00C04F79EFBC}") = "ProductSample", "Chapter01\ProductSample\ProductSample.csproj", "{AB511D66-4CC1-493D-BAD2-8A4C9DCCC8F8}"
EndProject
Project("{2150E333-8FDC-42A3-9474-1A3956D46DE8}") = "Chapter02", "Chapter02", "{BE965A3B-9C72-4A75-9B35-F5160200CAB2}"
EndProject
Project("{FAE04EC0-301F-11D3-BF4B-00C04F79EFBC}") = "DistanceConverter", "Chapter02\DistanceConverter\DistanceConverter.csproj", "{EB77809A-C20E-4469-B10A-044F6EF290AA}"
EndProject
Project("{FAE04EC0-301F-11D3-BF4B-00C04F79EFBC}") = "Sample_p38", "Chapter01\Sample_p38\Sample_p38\Sample_p38.csproj", "{02172753-926E-4688-87DD-C8519CE09E97}"
EndProject
Project("{2150E333-8FDC-42A3-9474-1A3956D46DE8}") = "距離換算プログラム", "距離換算プログラム", "{09F2E42B-E63B-405D-9B5F-1F32E423D5EC}"
EndProject
Project("{2150E333-8FDC-42A3-9474-1A3956D46DE8}") = "売上集計プログラム", "売上集計プログラム", "{23152A06-8271-42C1-B1FD-553E52D6CF36}"
EndProject
Project("{FAE04EC0-301F-11D3-BF4B-00C04F79EFBC}") = "SalesCounter", "Chapter02\SalesCounter\SalesCounter.csproj", "{400A551D-AE0E-4B68-BC4A-DA4BEC3FD529}"
EndProject
Project("{2150E333-8FDC-42A3-9474-1A3956D46DE8}") = "＃演習問題", "＃演習問題", "{34E07B4C-7871-4704-95D1-4818A9EA6D58}"
EndProject
Project("{FAE04EC0-301F-11D3-BF4B-00C04F79EFBC}") = "Exercise1", "Chapter02\演習\Exercise1\Exercise1.csproj", "{33EBAE8D-F327-43FC-ABC5-62E93CBA2085}"
EndProject
Project("{FAE04EC0-301F-11D3-BF4B-00C04F79EFBC}") = "Exercise2", "Chapter02\演習\Exercise2\Exercise2.csproj", "{F8BAA337-4F79-4D5D-9948-70F39332906A}"
EndProject
Project("{2150E333-8FDC-42A3-9474-1A3956D46DE8}") = "FomApps", "FomApps", "{417B38D3-A522-4D93-B8CF-45E5F86F2A5B}"
EndProject
Project("{9A19103F-16F7-4668-BE54-9A1E7A4F7556}") = "BallApp", "FomApps\BallApp\BallApp.csproj", "{AC2CC60C-679A-464A-A648-D8D19130C44E}"
EndProject
Project("{2150E333-8FDC-42A3-9474-1A3956D46DE8}") = "Chapter03", "Chapter03", "{61502569-EB15-48C7-880C-8600396CD461}"
EndProject
Project("{FAE04EC0-301F-11D3-BF4B-00C04F79EFBC}") = "Section01", "Chapter03\Section01\Section01.csproj", "{F75D8CD8-DFD7-46DA-A5BA-D9B461B8C1AC}"
EndProject
Project("{2150E333-8FDC-42A3-9474-1A3956D46DE8}") = "演習問題", "演習問題", "{D8A35757-08BC-49E8-93B3-00CE47984A52}"
EndProject
Project("{FAE04EC0-301F-11D3-BF4B-00C04F79EFBC}") = "Exercise01", "Chapter03\演習問題\Exercise01\Exercise01.csproj", "{5A40AC85-2598-4008-9841-A1120E54B7F0}"
EndProject
Project("{FAE04EC0-301F-11D3-BF4B-00C04F79EFBC}") = "Exercise02", "Chapter03\演習問題\Exercise02\Exercise02\Exercise02.csproj", "{3D9D52C7-316C-4EB3-A840-4AB7085FF378}"
EndProject
Project("{2150E333-8FDC-42A3-9474-1A3956D46DE8}") = "Chapter04", "Chapter04", "{BA63C8FB-164F-4D18-80FE-4EF90FCB3E44}"
EndProject
Project("{FAE04EC0-301F-11D3-BF4B-00C04F79EFBC}") = "Section01", "Chapter04\Section01\Section01.csproj", "{A0436BBB-CEE7-4FD9-B9DB-9C89950FFAE4}"
EndProject
Project("{2150E333-8FDC-42A3-9474-1A3956D46DE8}") = "演習問題", "演習問題", "{7B797EC2-69E1-4553-8E04-5CB4A71BFC7A}"
EndProject
Project("{FAE04EC0-301F-11D3-BF4B-00C04F79EFBC}") = "Exercise01", "Chapter04\演習問題\Exercise01\Exercise01.csproj", "{2EBF9A92-D97D-4025-AD12-AC062814E210}"
EndProject
Project("{FAE04EC0-301F-11D3-BF4B-00C04F79EFBC}") = "Exercise02", "Chapter04\演習問題\Exercise02\Exercise02.csproj", "{D4F4B3C5-332B-40BE-9AEE-0A29412A13D3}"
EndProject
Project("{2150E333-8FDC-42A3-9474-1A3956D46DE8}") = "Chapter05", "Chapter05", "{C5097339-22FB-4E4F-8927-A51D7D3FA2CE}"
EndProject
Project("{2150E333-8FDC-42A3-9474-1A3956D46DE8}") = "演習問題", "演習問題", "{4B558809-88EE-4B26-9CF1-7E245ECD6AD8}"
EndProject
Project("{FAE04EC0-301F-11D3-BF4B-00C04F79EFBC}") = "Exercise02", "Chapter05\演習問題\Exercise02\Exercise02.csproj", "{26802505-F394-4539-A79C-49E9278B0C42}"
EndProject
Project("{FAE04EC0-301F-11D3-BF4B-00C04F79EFBC}") = "Exercise03", "Chapter05\演習問題\Exercise03\Exercise03.csproj", "{7E20C775-3E00-42B0-93E2-5DEE67167C62}"
EndProject
Project("{FAE04EC0-301F-11D3-BF4B-00C04F79EFBC}") = "Exercise01", "Chapter05\演習問題\Exercise01\Exercise01\Exercise01.csproj", "{9887DBB5-4B3B-48A9-9E85-35846097C02F}"
EndProject
Project("{FAE04EC0-301F-11D3-BF4B-00C04F79EFBC}") = "Exercise04", "Chapter05\演習問題\Exercise04\Exercise04\Exercise04.csproj", "{E413B390-0D12-49F0-B844-150C0BC2F76E}"
EndProject
Project("{2150E333-8FDC-42A3-9474-1A3956D46DE8}") = "Chapter06", "Chapter06", "{D27FCCF8-8454-4163-AD3E-9FE32D0A5043}"
EndProject
Project("{FAE04EC0-301F-11D3-BF4B-00C04F79EFBC}") = "Section01", "Chapter06\Section01\Section01.csproj", "{037D8670-914A-4AEF-93E8-BDFF68C13839}"
EndProject
Project("{2150E333-8FDC-42A3-9474-1A3956D46DE8}") = "演習問題", "演習問題", "{8118804B-AB32-45BD-A61E-DE187509BF3B}"
EndProject
Project("{FAE04EC0-301F-11D3-BF4B-00C04F79EFBC}") = "Exercise01", "Chapter06\演習問題\Exercise01\Exercise01.csproj", "{D764B9BF-D9C8-48E8-9FF1-D51DB0CFDCF5}"
EndProject
Project("{FAE04EC0-301F-11D3-BF4B-00C04F79EFBC}") = "Exercise02", "Chapter06\演習問題\Exercise02\Exercise02.csproj", "{DF6B11B4-859C-49BE-A4AF-5B0B833B0630}"
EndProject
Project("{2150E333-8FDC-42A3-9474-1A3956D46DE8}") = "Chapter07", "Chapter07", "{95A62785-7BC2-49E5-A0EE-13B374EAB5F3}"
EndProject
Project("{FAE04EC0-301F-11D3-BF4B-00C04F79EFBC}") = "Section01", "Chapter07\Section01\Section01.csproj", "{4CD5337C-D7E0-4369-8781-9E97992836ED}"
EndProject
Project("{2150E333-8FDC-42A3-9474-1A3956D46DE8}") = "演習問題", "演習問題", "{897C5CEC-1918-4892-9C2A-C798CA9597B1}"
EndProject
Project("{FAE04EC0-301F-11D3-BF4B-00C04F79EFBC}") = "Exercise01", "Chapter07\演習問題\Exercise01\Exercise01.csproj", "{254E9C41-A7A2-487A-A391-CFD08E0DDB5B}"
EndProject
Project("{2150E333-8FDC-42A3-9474-1A3956D46DE8}") = "Test2406", "Test2406", "{2A0647B2-B9C7-4325-B17B-B001FCEB5B20}"
EndProject
Project("{FAE04EC0-301F-11D3-BF4B-00C04F79EFBC}") = "Test01", "TestProject\Test01\Test01.csproj", "{2BFACDC3-F44D-4199-8498-F5C3C4AC0335}"
EndProject
Project("{FAE04EC0-301F-11D3-BF4B-00C04F79EFBC}") = "Test02", "TestProject\Test02\Test02.csproj", "{E461C0A8-8900-485C-B520-E929BA33F712}"
EndProject
Project("{FAE04EC0-301F-11D3-BF4B-00C04F79EFBC}") = "Section03", "Chapter07\Section03\Section03\Section03.csproj", "{02E1A8BB-2215-4F46-9438-A89FEF5BD4B1}"
EndProject
Project("{FAE04EC0-301F-11D3-BF4B-00C04F79EFBC}") = "Section02", "Chapter07\Section02\Section02.csproj", "{D2DD7D08-52C9-4645-B90D-B0BCA0E475E7}"
EndProject
Project("{FAE04EC0-301F-11D3-BF4B-00C04F79EFBC}") = "Section04", "Chapter07\Section04\Section04.csproj", "{907F8CE7-21C5-4B1C-B61A-764DDB0D6C43}"
EndProject
Project("{2150E333-8FDC-42A3-9474-1A3956D46DE8}") = "Chapter08", "Chapter08", "{4561F9DF-5AE3-4CB8-86B8-ECB34EC9CA9C}"
EndProject
Project("{FAE04EC0-301F-11D3-BF4B-00C04F79EFBC}") = "Section01", "Chapter08\Section01\Section01.csproj", "{383EB3AA-2C33-48FF-A7A0-A714FA018E66}"
EndProject
Project("{9A19103F-16F7-4668-BE54-9A1E7A4F7556}") = "DateTimeApp", "FomApps\DateTimeApp\DateTimeApp.csproj", "{DD51561A-6FD9-4A6F-BA9C-A6D9DD4FAB4F}"
EndProject
Project("{2150E333-8FDC-42A3-9474-1A3956D46DE8}") = "演習問題", "演習問題", "{E48933C1-354F-4DB6-B64E-71F8AC692CD0}"
EndProject
Project("{9A19103F-16F7-4668-BE54-9A1E7A4F7556}") = "Exercise01", "Chapter08\演習問題\Exercise01\Exercise01.csproj", "{36656759-924E-4784-ABF5-F542F14C0DA3}"
EndProject
Project("{9A19103F-16F7-4668-BE54-9A1E7A4F7556}") = "CarReportSystem", "FomApps\CarReportSystem\CarReportSystem.csproj", "{763220BD-F845-4FF0-A7AF-53E9C049109F}"
EndProject
Project("{2150E333-8FDC-42A3-9474-1A3956D46DE8}") = "Chapter11", "Chapter11", "{CCA3CF4C-10CF-46E6-A572-6FADF377B36F}"
EndProject
Project("{FAE04EC0-301F-11D3-BF4B-00C04F79EFBC}") = "Section01", "Chapter11\Section01\Section01.csproj", "{61379F51-7D10-4681-AD46-DD7BF7EC4386}"
EndProject
Project("{2150E333-8FDC-42A3-9474-1A3956D46DE8}") = "演習問題", "演習問題", "{C3CAB2EE-F072-4277-B801-24B7C0BF6ED0}"
EndProject
Project("{FAE04EC0-301F-11D3-BF4B-00C04F79EFBC}") = "Exercise01", "Chapter11\演習問題\Exercise01\Exercise01.csproj", "{F28F2CB4-A8CD-40B3-A866-A95F86360DC8}"
EndProject
Project("{FAE04EC0-301F-11D3-BF4B-00C04F79EFBC}") = "Section02", "Chapter11\Section02\Section02.csproj", "{0ED95612-501F-4DC3-9A08-EDC30CFC9689}"
EndProject
Project("{2150E333-8FDC-42A3-9474-1A3956D46DE8}") = "Chapter12", "Chapter12", "{9D0B925C-6199-4191-82C4-724960B84A94}"
EndProject
Project("{FAE04EC0-301F-11D3-BF4B-00C04F79EFBC}") = "Section01", "Chapter12\Section01\Section01.csproj", "{44E87042-8756-4DC5-94EE-3487497F5FE0}"
EndProject
Project("{FAE04EC0-301F-11D3-BF4B-00C04F79EFBC}") = "Section02", "Chapter12\Section02\Section02.csproj", "{48D66483-4793-43F3-91D5-040A1C9E0DDC}"
EndProject
Project("{FAE04EC0-301F-11D3-BF4B-00C04F79EFBC}") = "Exercise01", "Chapter12\演習問題\Exercise01\Exercise01.csproj", "{8D661F5D-1314-44D2-9986-05C37FF5012B}"
EndProject
Project("{FAE04EC0-301F-11D3-BF4B-00C04F79EFBC}") = "RssReader", "FomApps\RssReader\RssReader.csproj", "{E4C5612A-2F0F-4E2B-A887-B10296E0CA95}"
EndProject
Project("{2150E333-8FDC-42A3-9474-1A3956D46DE8}") = "Chapter13", "Chapter13", "{9390458C-7A72-4FFC-ACDB-06F34D8784E3}"
EndProject
Project("{FAE04EC0-301F-11D3-BF4B-00C04F79EFBC}") = "SampleEntityFramework", "Chapter13\SampleEntityFramework\SampleEntityFramework.csproj", "{8708F054-D5DB-4B35-B149-2E8A31B8175D}"
EndProject
Project("{FAE04EC0-301F-11D3-BF4B-00C04F79EFBC}") = "ADOSample", "FomApps\ADOSample\ADOSample.csproj", "{550A0083-4A4F-44AB-81DB-D6E647CF2DED}"
EndProject
Project("{2150E333-8FDC-42A3-9474-1A3956D46DE8}") = "Chapter15", "Chapter15", "{D5E550D0-91E4-45A5-9CD9-D4A8A45EE4BE}"
EndProject
Project("{FAE04EC0-301F-11D3-BF4B-00C04F79EFBC}") = "Section01", "Chapter15\Section01\Section01.csproj", "{7CA0623D-3F75-4D99-A118-2DB2B0DB8002}"
EndProject
Project("{2150E333-8FDC-42A3-9474-1A3956D46DE8}") = "演習問題", "演習問題", "{61D5B370-0F09-4103-8E4E-6D28FD5BE49A}"
EndProject
Project("{FAE04EC0-301F-11D3-BF4B-00C04F79EFBC}") = "Exercise01", "Chapter15\演習問題\Exercise01\Exercise01.csproj", "{24BE6B33-CA15-41B5-BCC7-89CDC74CDCBB}"
EndProject
Project("{2150E333-8FDC-42A3-9474-1A3956D46DE8}") = "Chapter16", "Chapter16", "{D2EF40D7-A985-41CF-915A-91A2ABAEF78B}"
EndProject
Project("{FAE04EC0-301F-11D3-BF4B-00C04F79EFBC}") = "Section03", "Chapter16\Section03\Section03.csproj", "{217B8074-7A21-4576-AEEF-34C73B26150E}"
EndProject
Project("{FAE04EC0-301F-11D3-BF4B-00C04F79EFBC}") = "Section04", "Chapter16\Section04\Section04.csproj", "{4C87E06A-570E-4FAE-9116-0EDBB1CF66A7}"
EndProject
Project("{2150E333-8FDC-42A3-9474-1A3956D46DE8}") = "Chapter17", "Chapter17", "{9B483AF5-C0B4-46D0-B17E-D7C7C24EE311}"
EndProject
Project("{FAE04EC0-301F-11D3-BF4B-00C04F79EFBC}") = "Section01", "Chapter17\Section01\Section01.csproj", "{1EB7B04D-B943-4C7C-9596-9732A56E2182}"
EndProject
Project("{FAE04EC0-301F-11D3-BF4B-00C04F79EFBC}") = "Section02", "Chapter17\Section02\Section02.csproj", "{6D064AA7-5B48-4E02-B887-3F8021A8AA5F}"
EndProject
Project("{2150E333-8FDC-42A3-9474-1A3956D46DE8}") = "TemplateMethod", "TemplateMethod", "{3700A332-F058-4F15-B5D5-E2698C974ADA}"
EndProject
Project("{FAE04EC0-301F-11D3-BF4B-00C04F79EFBC}") = "TxitFileProcessor", "Chapter17\TemplateMethod\TxitFileProcessor\TxitFileProcessor.csproj", "{ED8D078B-9E26-40F7-A2BF-28AB2A2D7344}"
EndProject
Project("{FAE04EC0-301F-11D3-BF4B-00C04F79EFBC}") = "LineCounter", "Chapter17\TemplateMethod\LineCounter\LineCounter.csproj", "{153C813C-AC63-48DA-9CE6-6D077D3B1EDE}"
EndProject
Project("{2150E333-8FDC-42A3-9474-1A3956D46DE8}") = "Strategy", "Strategy", "{8021C99E-B2B1-4085-9A4B-FCBD1102C260}"
EndProject
Project("{FAE04EC0-301F-11D3-BF4B-00C04F79EFBC}") = "DistanceConverter", "Chapter17\Strategy\DistanceConverter\DistanceConverter.csproj", "{CE0D28FA-11C8-4636-A651-E89DB1F64544}"
EndProject
Project("{FAE04EC0-301F-11D3-BF4B-00C04F79EFBC}") = "TextNumberSizeChange", "Chapter17\TemplateMethod\TextNumberSizeChange\TextNumberSizeChange.csproj", "{B12B61CC-D1AF-4255-8E0B-5DD0661F765B}"
EndProject
Project("{2150E333-8FDC-42A3-9474-1A3956D46DE8}") = "WPF", "WPF", "{00CA2AF8-2E62-43EC-A87E-BB9F740EA95E}"
EndProject
Project("{FAE04EC0-301F-11D3-BF4B-00C04F79EFBC}") = "SampleApplication", "WPF\SampleApplication\SampleApplication.csproj", "{1FE00140-348B-4318-A636-CF67D5F46832}"
EndProject
Project("{FAE04EC0-301F-11D3-BF4B-00C04F79EFBC}") = "GridSample", "WPF\GridSample\GridSample.csproj", "{0FFCB4DC-A47C-4FC5-9FBA-FC6E2AFD15D0}"
EndProject
Project("{FAE04EC0-301F-11D3-BF4B-00C04F79EFBC}") = "SampleSlider", "WPF\SampleSlider\SampleSlider.csproj", "{6E10E8A8-CA5D-42F4-B29C-1393656417F5}"
EndProject
Project("{FAE04EC0-301F-11D3-BF4B-00C04F79EFBC}") = "CollorChecker", "WPF\CollorChecker\CollorChecker.csproj", "{7ECBFC00-4ABF-4900-9904-45BA0242A8B7}"
EndProject
Global
	GlobalSection(SolutionConfigurationPlatforms) = preSolution
		Debug|Any CPU = Debug|Any CPU
		Release|Any CPU = Release|Any CPU
	EndGlobalSection
	GlobalSection(ProjectConfigurationPlatforms) = postSolution
		{AB511D66-4CC1-493D-BAD2-8A4C9DCCC8F8}.Debug|Any CPU.ActiveCfg = Debug|Any CPU
		{AB511D66-4CC1-493D-BAD2-8A4C9DCCC8F8}.Debug|Any CPU.Build.0 = Debug|Any CPU
		{AB511D66-4CC1-493D-BAD2-8A4C9DCCC8F8}.Release|Any CPU.ActiveCfg = Release|Any CPU
		{AB511D66-4CC1-493D-BAD2-8A4C9DCCC8F8}.Release|Any CPU.Build.0 = Release|Any CPU
		{EB77809A-C20E-4469-B10A-044F6EF290AA}.Debug|Any CPU.ActiveCfg = Debug|Any CPU
		{EB77809A-C20E-4469-B10A-044F6EF290AA}.Debug|Any CPU.Build.0 = Debug|Any CPU
		{EB77809A-C20E-4469-B10A-044F6EF290AA}.Release|Any CPU.ActiveCfg = Release|Any CPU
		{EB77809A-C20E-4469-B10A-044F6EF290AA}.Release|Any CPU.Build.0 = Release|Any CPU
		{02172753-926E-4688-87DD-C8519CE09E97}.Debug|Any CPU.ActiveCfg = Debug|Any CPU
		{02172753-926E-4688-87DD-C8519CE09E97}.Debug|Any CPU.Build.0 = Debug|Any CPU
		{02172753-926E-4688-87DD-C8519CE09E97}.Release|Any CPU.ActiveCfg = Release|Any CPU
		{02172753-926E-4688-87DD-C8519CE09E97}.Release|Any CPU.Build.0 = Release|Any CPU
		{400A551D-AE0E-4B68-BC4A-DA4BEC3FD529}.Debug|Any CPU.ActiveCfg = Debug|Any CPU
		{400A551D-AE0E-4B68-BC4A-DA4BEC3FD529}.Debug|Any CPU.Build.0 = Debug|Any CPU
		{400A551D-AE0E-4B68-BC4A-DA4BEC3FD529}.Release|Any CPU.ActiveCfg = Release|Any CPU
		{400A551D-AE0E-4B68-BC4A-DA4BEC3FD529}.Release|Any CPU.Build.0 = Release|Any CPU
		{33EBAE8D-F327-43FC-ABC5-62E93CBA2085}.Debug|Any CPU.ActiveCfg = Debug|Any CPU
		{33EBAE8D-F327-43FC-ABC5-62E93CBA2085}.Debug|Any CPU.Build.0 = Debug|Any CPU
		{33EBAE8D-F327-43FC-ABC5-62E93CBA2085}.Release|Any CPU.ActiveCfg = Release|Any CPU
		{33EBAE8D-F327-43FC-ABC5-62E93CBA2085}.Release|Any CPU.Build.0 = Release|Any CPU
		{F8BAA337-4F79-4D5D-9948-70F39332906A}.Debug|Any CPU.ActiveCfg = Debug|Any CPU
		{F8BAA337-4F79-4D5D-9948-70F39332906A}.Debug|Any CPU.Build.0 = Debug|Any CPU
		{F8BAA337-4F79-4D5D-9948-70F39332906A}.Release|Any CPU.ActiveCfg = Release|Any CPU
		{F8BAA337-4F79-4D5D-9948-70F39332906A}.Release|Any CPU.Build.0 = Release|Any CPU
		{AC2CC60C-679A-464A-A648-D8D19130C44E}.Debug|Any CPU.ActiveCfg = Debug|Any CPU
		{AC2CC60C-679A-464A-A648-D8D19130C44E}.Debug|Any CPU.Build.0 = Debug|Any CPU
		{AC2CC60C-679A-464A-A648-D8D19130C44E}.Release|Any CPU.ActiveCfg = Release|Any CPU
		{AC2CC60C-679A-464A-A648-D8D19130C44E}.Release|Any CPU.Build.0 = Release|Any CPU
		{F75D8CD8-DFD7-46DA-A5BA-D9B461B8C1AC}.Debug|Any CPU.ActiveCfg = Debug|Any CPU
		{F75D8CD8-DFD7-46DA-A5BA-D9B461B8C1AC}.Debug|Any CPU.Build.0 = Debug|Any CPU
		{F75D8CD8-DFD7-46DA-A5BA-D9B461B8C1AC}.Release|Any CPU.ActiveCfg = Release|Any CPU
		{F75D8CD8-DFD7-46DA-A5BA-D9B461B8C1AC}.Release|Any CPU.Build.0 = Release|Any CPU
		{5A40AC85-2598-4008-9841-A1120E54B7F0}.Debug|Any CPU.ActiveCfg = Debug|Any CPU
		{5A40AC85-2598-4008-9841-A1120E54B7F0}.Debug|Any CPU.Build.0 = Debug|Any CPU
		{5A40AC85-2598-4008-9841-A1120E54B7F0}.Release|Any CPU.ActiveCfg = Release|Any CPU
		{5A40AC85-2598-4008-9841-A1120E54B7F0}.Release|Any CPU.Build.0 = Release|Any CPU
		{3D9D52C7-316C-4EB3-A840-4AB7085FF378}.Debug|Any CPU.ActiveCfg = Debug|Any CPU
		{3D9D52C7-316C-4EB3-A840-4AB7085FF378}.Debug|Any CPU.Build.0 = Debug|Any CPU
		{3D9D52C7-316C-4EB3-A840-4AB7085FF378}.Release|Any CPU.ActiveCfg = Release|Any CPU
		{3D9D52C7-316C-4EB3-A840-4AB7085FF378}.Release|Any CPU.Build.0 = Release|Any CPU
		{A0436BBB-CEE7-4FD9-B9DB-9C89950FFAE4}.Debug|Any CPU.ActiveCfg = Debug|Any CPU
		{A0436BBB-CEE7-4FD9-B9DB-9C89950FFAE4}.Debug|Any CPU.Build.0 = Debug|Any CPU
		{A0436BBB-CEE7-4FD9-B9DB-9C89950FFAE4}.Release|Any CPU.ActiveCfg = Release|Any CPU
		{A0436BBB-CEE7-4FD9-B9DB-9C89950FFAE4}.Release|Any CPU.Build.0 = Release|Any CPU
		{2EBF9A92-D97D-4025-AD12-AC062814E210}.Debug|Any CPU.ActiveCfg = Debug|Any CPU
		{2EBF9A92-D97D-4025-AD12-AC062814E210}.Debug|Any CPU.Build.0 = Debug|Any CPU
		{2EBF9A92-D97D-4025-AD12-AC062814E210}.Release|Any CPU.ActiveCfg = Release|Any CPU
		{2EBF9A92-D97D-4025-AD12-AC062814E210}.Release|Any CPU.Build.0 = Release|Any CPU
		{D4F4B3C5-332B-40BE-9AEE-0A29412A13D3}.Debug|Any CPU.ActiveCfg = Debug|Any CPU
		{D4F4B3C5-332B-40BE-9AEE-0A29412A13D3}.Debug|Any CPU.Build.0 = Debug|Any CPU
		{D4F4B3C5-332B-40BE-9AEE-0A29412A13D3}.Release|Any CPU.ActiveCfg = Release|Any CPU
		{D4F4B3C5-332B-40BE-9AEE-0A29412A13D3}.Release|Any CPU.Build.0 = Release|Any CPU
		{26802505-F394-4539-A79C-49E9278B0C42}.Debug|Any CPU.ActiveCfg = Debug|Any CPU
		{26802505-F394-4539-A79C-49E9278B0C42}.Debug|Any CPU.Build.0 = Debug|Any CPU
		{26802505-F394-4539-A79C-49E9278B0C42}.Release|Any CPU.ActiveCfg = Release|Any CPU
		{26802505-F394-4539-A79C-49E9278B0C42}.Release|Any CPU.Build.0 = Release|Any CPU
		{7E20C775-3E00-42B0-93E2-5DEE67167C62}.Debug|Any CPU.ActiveCfg = Debug|Any CPU
		{7E20C775-3E00-42B0-93E2-5DEE67167C62}.Debug|Any CPU.Build.0 = Debug|Any CPU
		{7E20C775-3E00-42B0-93E2-5DEE67167C62}.Release|Any CPU.ActiveCfg = Release|Any CPU
		{7E20C775-3E00-42B0-93E2-5DEE67167C62}.Release|Any CPU.Build.0 = Release|Any CPU
		{9887DBB5-4B3B-48A9-9E85-35846097C02F}.Debug|Any CPU.ActiveCfg = Debug|Any CPU
		{9887DBB5-4B3B-48A9-9E85-35846097C02F}.Debug|Any CPU.Build.0 = Debug|Any CPU
		{9887DBB5-4B3B-48A9-9E85-35846097C02F}.Release|Any CPU.ActiveCfg = Release|Any CPU
		{9887DBB5-4B3B-48A9-9E85-35846097C02F}.Release|Any CPU.Build.0 = Release|Any CPU
		{E413B390-0D12-49F0-B844-150C0BC2F76E}.Debug|Any CPU.ActiveCfg = Debug|Any CPU
		{E413B390-0D12-49F0-B844-150C0BC2F76E}.Debug|Any CPU.Build.0 = Debug|Any CPU
		{E413B390-0D12-49F0-B844-150C0BC2F76E}.Release|Any CPU.ActiveCfg = Release|Any CPU
		{E413B390-0D12-49F0-B844-150C0BC2F76E}.Release|Any CPU.Build.0 = Release|Any CPU
		{037D8670-914A-4AEF-93E8-BDFF68C13839}.Debug|Any CPU.ActiveCfg = Debug|Any CPU
		{037D8670-914A-4AEF-93E8-BDFF68C13839}.Debug|Any CPU.Build.0 = Debug|Any CPU
		{037D8670-914A-4AEF-93E8-BDFF68C13839}.Release|Any CPU.ActiveCfg = Release|Any CPU
		{037D8670-914A-4AEF-93E8-BDFF68C13839}.Release|Any CPU.Build.0 = Release|Any CPU
		{D764B9BF-D9C8-48E8-9FF1-D51DB0CFDCF5}.Debug|Any CPU.ActiveCfg = Debug|Any CPU
		{D764B9BF-D9C8-48E8-9FF1-D51DB0CFDCF5}.Debug|Any CPU.Build.0 = Debug|Any CPU
		{D764B9BF-D9C8-48E8-9FF1-D51DB0CFDCF5}.Release|Any CPU.ActiveCfg = Release|Any CPU
		{D764B9BF-D9C8-48E8-9FF1-D51DB0CFDCF5}.Release|Any CPU.Build.0 = Release|Any CPU
		{DF6B11B4-859C-49BE-A4AF-5B0B833B0630}.Debug|Any CPU.ActiveCfg = Debug|Any CPU
		{DF6B11B4-859C-49BE-A4AF-5B0B833B0630}.Debug|Any CPU.Build.0 = Debug|Any CPU
		{DF6B11B4-859C-49BE-A4AF-5B0B833B0630}.Release|Any CPU.ActiveCfg = Release|Any CPU
		{DF6B11B4-859C-49BE-A4AF-5B0B833B0630}.Release|Any CPU.Build.0 = Release|Any CPU
		{4CD5337C-D7E0-4369-8781-9E97992836ED}.Debug|Any CPU.ActiveCfg = Debug|Any CPU
		{4CD5337C-D7E0-4369-8781-9E97992836ED}.Debug|Any CPU.Build.0 = Debug|Any CPU
		{4CD5337C-D7E0-4369-8781-9E97992836ED}.Release|Any CPU.ActiveCfg = Release|Any CPU
		{4CD5337C-D7E0-4369-8781-9E97992836ED}.Release|Any CPU.Build.0 = Release|Any CPU
		{254E9C41-A7A2-487A-A391-CFD08E0DDB5B}.Debug|Any CPU.ActiveCfg = Debug|Any CPU
		{254E9C41-A7A2-487A-A391-CFD08E0DDB5B}.Debug|Any CPU.Build.0 = Debug|Any CPU
		{254E9C41-A7A2-487A-A391-CFD08E0DDB5B}.Release|Any CPU.ActiveCfg = Release|Any CPU
		{254E9C41-A7A2-487A-A391-CFD08E0DDB5B}.Release|Any CPU.Build.0 = Release|Any CPU
		{2BFACDC3-F44D-4199-8498-F5C3C4AC0335}.Debug|Any CPU.ActiveCfg = Debug|Any CPU
		{2BFACDC3-F44D-4199-8498-F5C3C4AC0335}.Debug|Any CPU.Build.0 = Debug|Any CPU
		{2BFACDC3-F44D-4199-8498-F5C3C4AC0335}.Release|Any CPU.ActiveCfg = Release|Any CPU
		{2BFACDC3-F44D-4199-8498-F5C3C4AC0335}.Release|Any CPU.Build.0 = Release|Any CPU
		{E461C0A8-8900-485C-B520-E929BA33F712}.Debug|Any CPU.ActiveCfg = Debug|Any CPU
		{E461C0A8-8900-485C-B520-E929BA33F712}.Debug|Any CPU.Build.0 = Debug|Any CPU
		{E461C0A8-8900-485C-B520-E929BA33F712}.Release|Any CPU.ActiveCfg = Release|Any CPU
		{E461C0A8-8900-485C-B520-E929BA33F712}.Release|Any CPU.Build.0 = Release|Any CPU
		{02E1A8BB-2215-4F46-9438-A89FEF5BD4B1}.Debug|Any CPU.ActiveCfg = Debug|Any CPU
		{02E1A8BB-2215-4F46-9438-A89FEF5BD4B1}.Debug|Any CPU.Build.0 = Debug|Any CPU
		{02E1A8BB-2215-4F46-9438-A89FEF5BD4B1}.Release|Any CPU.ActiveCfg = Release|Any CPU
		{02E1A8BB-2215-4F46-9438-A89FEF5BD4B1}.Release|Any CPU.Build.0 = Release|Any CPU
		{D2DD7D08-52C9-4645-B90D-B0BCA0E475E7}.Debug|Any CPU.ActiveCfg = Debug|Any CPU
		{D2DD7D08-52C9-4645-B90D-B0BCA0E475E7}.Debug|Any CPU.Build.0 = Debug|Any CPU
		{D2DD7D08-52C9-4645-B90D-B0BCA0E475E7}.Release|Any CPU.ActiveCfg = Release|Any CPU
		{D2DD7D08-52C9-4645-B90D-B0BCA0E475E7}.Release|Any CPU.Build.0 = Release|Any CPU
		{907F8CE7-21C5-4B1C-B61A-764DDB0D6C43}.Debug|Any CPU.ActiveCfg = Debug|Any CPU
		{907F8CE7-21C5-4B1C-B61A-764DDB0D6C43}.Debug|Any CPU.Build.0 = Debug|Any CPU
		{907F8CE7-21C5-4B1C-B61A-764DDB0D6C43}.Release|Any CPU.ActiveCfg = Release|Any CPU
		{907F8CE7-21C5-4B1C-B61A-764DDB0D6C43}.Release|Any CPU.Build.0 = Release|Any CPU
		{383EB3AA-2C33-48FF-A7A0-A714FA018E66}.Debug|Any CPU.ActiveCfg = Debug|Any CPU
		{383EB3AA-2C33-48FF-A7A0-A714FA018E66}.Debug|Any CPU.Build.0 = Debug|Any CPU
		{383EB3AA-2C33-48FF-A7A0-A714FA018E66}.Release|Any CPU.ActiveCfg = Release|Any CPU
		{383EB3AA-2C33-48FF-A7A0-A714FA018E66}.Release|Any CPU.Build.0 = Release|Any CPU
		{DD51561A-6FD9-4A6F-BA9C-A6D9DD4FAB4F}.Debug|Any CPU.ActiveCfg = Debug|Any CPU
		{DD51561A-6FD9-4A6F-BA9C-A6D9DD4FAB4F}.Debug|Any CPU.Build.0 = Debug|Any CPU
		{DD51561A-6FD9-4A6F-BA9C-A6D9DD4FAB4F}.Release|Any CPU.ActiveCfg = Release|Any CPU
		{DD51561A-6FD9-4A6F-BA9C-A6D9DD4FAB4F}.Release|Any CPU.Build.0 = Release|Any CPU
		{36656759-924E-4784-ABF5-F542F14C0DA3}.Debug|Any CPU.ActiveCfg = Debug|Any CPU
		{36656759-924E-4784-ABF5-F542F14C0DA3}.Debug|Any CPU.Build.0 = Debug|Any CPU
		{36656759-924E-4784-ABF5-F542F14C0DA3}.Release|Any CPU.ActiveCfg = Release|Any CPU
		{36656759-924E-4784-ABF5-F542F14C0DA3}.Release|Any CPU.Build.0 = Release|Any CPU
		{763220BD-F845-4FF0-A7AF-53E9C049109F}.Debug|Any CPU.ActiveCfg = Debug|Any CPU
		{763220BD-F845-4FF0-A7AF-53E9C049109F}.Debug|Any CPU.Build.0 = Debug|Any CPU
		{763220BD-F845-4FF0-A7AF-53E9C049109F}.Release|Any CPU.ActiveCfg = Release|Any CPU
		{763220BD-F845-4FF0-A7AF-53E9C049109F}.Release|Any CPU.Build.0 = Release|Any CPU
		{61379F51-7D10-4681-AD46-DD7BF7EC4386}.Debug|Any CPU.ActiveCfg = Debug|Any CPU
		{61379F51-7D10-4681-AD46-DD7BF7EC4386}.Debug|Any CPU.Build.0 = Debug|Any CPU
		{61379F51-7D10-4681-AD46-DD7BF7EC4386}.Release|Any CPU.ActiveCfg = Release|Any CPU
		{61379F51-7D10-4681-AD46-DD7BF7EC4386}.Release|Any CPU.Build.0 = Release|Any CPU
		{F28F2CB4-A8CD-40B3-A866-A95F86360DC8}.Debug|Any CPU.ActiveCfg = Debug|Any CPU
		{F28F2CB4-A8CD-40B3-A866-A95F86360DC8}.Debug|Any CPU.Build.0 = Debug|Any CPU
		{F28F2CB4-A8CD-40B3-A866-A95F86360DC8}.Release|Any CPU.ActiveCfg = Release|Any CPU
		{F28F2CB4-A8CD-40B3-A866-A95F86360DC8}.Release|Any CPU.Build.0 = Release|Any CPU
		{0ED95612-501F-4DC3-9A08-EDC30CFC9689}.Debug|Any CPU.ActiveCfg = Debug|Any CPU
		{0ED95612-501F-4DC3-9A08-EDC30CFC9689}.Debug|Any CPU.Build.0 = Debug|Any CPU
		{0ED95612-501F-4DC3-9A08-EDC30CFC9689}.Release|Any CPU.ActiveCfg = Release|Any CPU
		{0ED95612-501F-4DC3-9A08-EDC30CFC9689}.Release|Any CPU.Build.0 = Release|Any CPU
		{44E87042-8756-4DC5-94EE-3487497F5FE0}.Debug|Any CPU.ActiveCfg = Debug|Any CPU
		{44E87042-8756-4DC5-94EE-3487497F5FE0}.Debug|Any CPU.Build.0 = Debug|Any CPU
		{44E87042-8756-4DC5-94EE-3487497F5FE0}.Release|Any CPU.ActiveCfg = Release|Any CPU
		{44E87042-8756-4DC5-94EE-3487497F5FE0}.Release|Any CPU.Build.0 = Release|Any CPU
		{48D66483-4793-43F3-91D5-040A1C9E0DDC}.Debug|Any CPU.ActiveCfg = Debug|Any CPU
		{48D66483-4793-43F3-91D5-040A1C9E0DDC}.Debug|Any CPU.Build.0 = Debug|Any CPU
		{48D66483-4793-43F3-91D5-040A1C9E0DDC}.Release|Any CPU.ActiveCfg = Release|Any CPU
		{48D66483-4793-43F3-91D5-040A1C9E0DDC}.Release|Any CPU.Build.0 = Release|Any CPU
		{8D661F5D-1314-44D2-9986-05C37FF5012B}.Debug|Any CPU.ActiveCfg = Debug|Any CPU
		{8D661F5D-1314-44D2-9986-05C37FF5012B}.Debug|Any CPU.Build.0 = Debug|Any CPU
		{8D661F5D-1314-44D2-9986-05C37FF5012B}.Release|Any CPU.ActiveCfg = Release|Any CPU
		{8D661F5D-1314-44D2-9986-05C37FF5012B}.Release|Any CPU.Build.0 = Release|Any CPU
		{E4C5612A-2F0F-4E2B-A887-B10296E0CA95}.Debug|Any CPU.ActiveCfg = Debug|Any CPU
		{E4C5612A-2F0F-4E2B-A887-B10296E0CA95}.Debug|Any CPU.Build.0 = Debug|Any CPU
		{E4C5612A-2F0F-4E2B-A887-B10296E0CA95}.Release|Any CPU.ActiveCfg = Release|Any CPU
		{E4C5612A-2F0F-4E2B-A887-B10296E0CA95}.Release|Any CPU.Build.0 = Release|Any CPU
		{8708F054-D5DB-4B35-B149-2E8A31B8175D}.Debug|Any CPU.ActiveCfg = Debug|Any CPU
		{8708F054-D5DB-4B35-B149-2E8A31B8175D}.Debug|Any CPU.Build.0 = Debug|Any CPU
		{8708F054-D5DB-4B35-B149-2E8A31B8175D}.Release|Any CPU.ActiveCfg = Release|Any CPU
		{8708F054-D5DB-4B35-B149-2E8A31B8175D}.Release|Any CPU.Build.0 = Release|Any CPU
		{550A0083-4A4F-44AB-81DB-D6E647CF2DED}.Debug|Any CPU.ActiveCfg = Debug|Any CPU
		{550A0083-4A4F-44AB-81DB-D6E647CF2DED}.Debug|Any CPU.Build.0 = Debug|Any CPU
		{550A0083-4A4F-44AB-81DB-D6E647CF2DED}.Release|Any CPU.ActiveCfg = Release|Any CPU
		{550A0083-4A4F-44AB-81DB-D6E647CF2DED}.Release|Any CPU.Build.0 = Release|Any CPU
		{7CA0623D-3F75-4D99-A118-2DB2B0DB8002}.Debug|Any CPU.ActiveCfg = Debug|Any CPU
		{7CA0623D-3F75-4D99-A118-2DB2B0DB8002}.Debug|Any CPU.Build.0 = Debug|Any CPU
		{7CA0623D-3F75-4D99-A118-2DB2B0DB8002}.Release|Any CPU.ActiveCfg = Release|Any CPU
		{7CA0623D-3F75-4D99-A118-2DB2B0DB8002}.Release|Any CPU.Build.0 = Release|Any CPU
		{24BE6B33-CA15-41B5-BCC7-89CDC74CDCBB}.Debug|Any CPU.ActiveCfg = Debug|Any CPU
		{24BE6B33-CA15-41B5-BCC7-89CDC74CDCBB}.Debug|Any CPU.Build.0 = Debug|Any CPU
		{24BE6B33-CA15-41B5-BCC7-89CDC74CDCBB}.Release|Any CPU.ActiveCfg = Release|Any CPU
		{24BE6B33-CA15-41B5-BCC7-89CDC74CDCBB}.Release|Any CPU.Build.0 = Release|Any CPU
		{217B8074-7A21-4576-AEEF-34C73B26150E}.Debug|Any CPU.ActiveCfg = Debug|Any CPU
		{217B8074-7A21-4576-AEEF-34C73B26150E}.Debug|Any CPU.Build.0 = Debug|Any CPU
		{217B8074-7A21-4576-AEEF-34C73B26150E}.Release|Any CPU.ActiveCfg = Release|Any CPU
		{217B8074-7A21-4576-AEEF-34C73B26150E}.Release|Any CPU.Build.0 = Release|Any CPU
		{4C87E06A-570E-4FAE-9116-0EDBB1CF66A7}.Debug|Any CPU.ActiveCfg = Debug|Any CPU
		{4C87E06A-570E-4FAE-9116-0EDBB1CF66A7}.Debug|Any CPU.Build.0 = Debug|Any CPU
		{4C87E06A-570E-4FAE-9116-0EDBB1CF66A7}.Release|Any CPU.ActiveCfg = Release|Any CPU
		{4C87E06A-570E-4FAE-9116-0EDBB1CF66A7}.Release|Any CPU.Build.0 = Release|Any CPU
		{1EB7B04D-B943-4C7C-9596-9732A56E2182}.Debug|Any CPU.ActiveCfg = Debug|Any CPU
		{1EB7B04D-B943-4C7C-9596-9732A56E2182}.Debug|Any CPU.Build.0 = Debug|Any CPU
		{1EB7B04D-B943-4C7C-9596-9732A56E2182}.Release|Any CPU.ActiveCfg = Release|Any CPU
		{1EB7B04D-B943-4C7C-9596-9732A56E2182}.Release|Any CPU.Build.0 = Release|Any CPU
		{6D064AA7-5B48-4E02-B887-3F8021A8AA5F}.Debug|Any CPU.ActiveCfg = Debug|Any CPU
		{6D064AA7-5B48-4E02-B887-3F8021A8AA5F}.Debug|Any CPU.Build.0 = Debug|Any CPU
		{6D064AA7-5B48-4E02-B887-3F8021A8AA5F}.Release|Any CPU.ActiveCfg = Release|Any CPU
		{6D064AA7-5B48-4E02-B887-3F8021A8AA5F}.Release|Any CPU.Build.0 = Release|Any CPU
		{ED8D078B-9E26-40F7-A2BF-28AB2A2D7344}.Debug|Any CPU.ActiveCfg = Debug|Any CPU
		{ED8D078B-9E26-40F7-A2BF-28AB2A2D7344}.Debug|Any CPU.Build.0 = Debug|Any CPU
		{ED8D078B-9E26-40F7-A2BF-28AB2A2D7344}.Release|Any CPU.ActiveCfg = Release|Any CPU
		{ED8D078B-9E26-40F7-A2BF-28AB2A2D7344}.Release|Any CPU.Build.0 = Release|Any CPU
		{153C813C-AC63-48DA-9CE6-6D077D3B1EDE}.Debug|Any CPU.ActiveCfg = Debug|Any CPU
		{153C813C-AC63-48DA-9CE6-6D077D3B1EDE}.Debug|Any CPU.Build.0 = Debug|Any CPU
		{153C813C-AC63-48DA-9CE6-6D077D3B1EDE}.Release|Any CPU.ActiveCfg = Release|Any CPU
		{153C813C-AC63-48DA-9CE6-6D077D3B1EDE}.Release|Any CPU.Build.0 = Release|Any CPU
		{CE0D28FA-11C8-4636-A651-E89DB1F64544}.Debug|Any CPU.ActiveCfg = Debug|Any CPU
		{CE0D28FA-11C8-4636-A651-E89DB1F64544}.Debug|Any CPU.Build.0 = Debug|Any CPU
		{CE0D28FA-11C8-4636-A651-E89DB1F64544}.Release|Any CPU.ActiveCfg = Release|Any CPU
		{CE0D28FA-11C8-4636-A651-E89DB1F64544}.Release|Any CPU.Build.0 = Release|Any CPU
		{B12B61CC-D1AF-4255-8E0B-5DD0661F765B}.Debug|Any CPU.ActiveCfg = Debug|Any CPU
		{B12B61CC-D1AF-4255-8E0B-5DD0661F765B}.Debug|Any CPU.Build.0 = Debug|Any CPU
		{B12B61CC-D1AF-4255-8E0B-5DD0661F765B}.Release|Any CPU.ActiveCfg = Release|Any CPU
		{B12B61CC-D1AF-4255-8E0B-5DD0661F765B}.Release|Any CPU.Build.0 = Release|Any CPU
		{1FE00140-348B-4318-A636-CF67D5F46832}.Debug|Any CPU.ActiveCfg = Debug|Any CPU
		{1FE00140-348B-4318-A636-CF67D5F46832}.Debug|Any CPU.Build.0 = Debug|Any CPU
		{1FE00140-348B-4318-A636-CF67D5F46832}.Release|Any CPU.ActiveCfg = Release|Any CPU
		{1FE00140-348B-4318-A636-CF67D5F46832}.Release|Any CPU.Build.0 = Release|Any CPU
		{0FFCB4DC-A47C-4FC5-9FBA-FC6E2AFD15D0}.Debug|Any CPU.ActiveCfg = Debug|Any CPU
		{0FFCB4DC-A47C-4FC5-9FBA-FC6E2AFD15D0}.Debug|Any CPU.Build.0 = Debug|Any CPU
		{0FFCB4DC-A47C-4FC5-9FBA-FC6E2AFD15D0}.Release|Any CPU.ActiveCfg = Release|Any CPU
		{0FFCB4DC-A47C-4FC5-9FBA-FC6E2AFD15D0}.Release|Any CPU.Build.0 = Release|Any CPU
		{6E10E8A8-CA5D-42F4-B29C-1393656417F5}.Debug|Any CPU.ActiveCfg = Debug|Any CPU
		{6E10E8A8-CA5D-42F4-B29C-1393656417F5}.Debug|Any CPU.Build.0 = Debug|Any CPU
		{6E10E8A8-CA5D-42F4-B29C-1393656417F5}.Release|Any CPU.ActiveCfg = Release|Any CPU
		{6E10E8A8-CA5D-42F4-B29C-1393656417F5}.Release|Any CPU.Build.0 = Release|Any CPU
		{7ECBFC00-4ABF-4900-9904-45BA0242A8B7}.Debug|Any CPU.ActiveCfg = Debug|Any CPU
		{7ECBFC00-4ABF-4900-9904-45BA0242A8B7}.Debug|Any CPU.Build.0 = Debug|Any CPU
		{7ECBFC00-4ABF-4900-9904-45BA0242A8B7}.Release|Any CPU.ActiveCfg = Release|Any CPU
		{7ECBFC00-4ABF-4900-9904-45BA0242A8B7}.Release|Any CPU.Build.0 = Release|Any CPU
	EndGlobalSection
	GlobalSection(SolutionProperties) = preSolution
		HideSolutionNode = FALSE
	EndGlobalSection
	GlobalSection(NestedProjects) = preSolution
		{AB511D66-4CC1-493D-BAD2-8A4C9DCCC8F8} = {49B7CFD5-5AD8-48EC-A8E1-637406C5CC05}
		{EB77809A-C20E-4469-B10A-044F6EF290AA} = {09F2E42B-E63B-405D-9B5F-1F32E423D5EC}
		{02172753-926E-4688-87DD-C8519CE09E97} = {49B7CFD5-5AD8-48EC-A8E1-637406C5CC05}
		{09F2E42B-E63B-405D-9B5F-1F32E423D5EC} = {BE965A3B-9C72-4A75-9B35-F5160200CAB2}
		{23152A06-8271-42C1-B1FD-553E52D6CF36} = {BE965A3B-9C72-4A75-9B35-F5160200CAB2}
		{400A551D-AE0E-4B68-BC4A-DA4BEC3FD529} = {23152A06-8271-42C1-B1FD-553E52D6CF36}
		{34E07B4C-7871-4704-95D1-4818A9EA6D58} = {BE965A3B-9C72-4A75-9B35-F5160200CAB2}
		{33EBAE8D-F327-43FC-ABC5-62E93CBA2085} = {34E07B4C-7871-4704-95D1-4818A9EA6D58}
		{F8BAA337-4F79-4D5D-9948-70F39332906A} = {34E07B4C-7871-4704-95D1-4818A9EA6D58}
		{AC2CC60C-679A-464A-A648-D8D19130C44E} = {417B38D3-A522-4D93-B8CF-45E5F86F2A5B}
		{F75D8CD8-DFD7-46DA-A5BA-D9B461B8C1AC} = {61502569-EB15-48C7-880C-8600396CD461}
		{D8A35757-08BC-49E8-93B3-00CE47984A52} = {61502569-EB15-48C7-880C-8600396CD461}
		{5A40AC85-2598-4008-9841-A1120E54B7F0} = {D8A35757-08BC-49E8-93B3-00CE47984A52}
		{3D9D52C7-316C-4EB3-A840-4AB7085FF378} = {D8A35757-08BC-49E8-93B3-00CE47984A52}
		{A0436BBB-CEE7-4FD9-B9DB-9C89950FFAE4} = {BA63C8FB-164F-4D18-80FE-4EF90FCB3E44}
		{7B797EC2-69E1-4553-8E04-5CB4A71BFC7A} = {BA63C8FB-164F-4D18-80FE-4EF90FCB3E44}
		{2EBF9A92-D97D-4025-AD12-AC062814E210} = {7B797EC2-69E1-4553-8E04-5CB4A71BFC7A}
		{D4F4B3C5-332B-40BE-9AEE-0A29412A13D3} = {7B797EC2-69E1-4553-8E04-5CB4A71BFC7A}
		{4B558809-88EE-4B26-9CF1-7E245ECD6AD8} = {C5097339-22FB-4E4F-8927-A51D7D3FA2CE}
		{26802505-F394-4539-A79C-49E9278B0C42} = {4B558809-88EE-4B26-9CF1-7E245ECD6AD8}
		{7E20C775-3E00-42B0-93E2-5DEE67167C62} = {4B558809-88EE-4B26-9CF1-7E245ECD6AD8}
		{9887DBB5-4B3B-48A9-9E85-35846097C02F} = {4B558809-88EE-4B26-9CF1-7E245ECD6AD8}
		{E413B390-0D12-49F0-B844-150C0BC2F76E} = {4B558809-88EE-4B26-9CF1-7E245ECD6AD8}
		{037D8670-914A-4AEF-93E8-BDFF68C13839} = {D27FCCF8-8454-4163-AD3E-9FE32D0A5043}
		{8118804B-AB32-45BD-A61E-DE187509BF3B} = {D27FCCF8-8454-4163-AD3E-9FE32D0A5043}
		{D764B9BF-D9C8-48E8-9FF1-D51DB0CFDCF5} = {8118804B-AB32-45BD-A61E-DE187509BF3B}
		{DF6B11B4-859C-49BE-A4AF-5B0B833B0630} = {8118804B-AB32-45BD-A61E-DE187509BF3B}
		{4CD5337C-D7E0-4369-8781-9E97992836ED} = {95A62785-7BC2-49E5-A0EE-13B374EAB5F3}
		{897C5CEC-1918-4892-9C2A-C798CA9597B1} = {95A62785-7BC2-49E5-A0EE-13B374EAB5F3}
		{254E9C41-A7A2-487A-A391-CFD08E0DDB5B} = {897C5CEC-1918-4892-9C2A-C798CA9597B1}
		{2BFACDC3-F44D-4199-8498-F5C3C4AC0335} = {2A0647B2-B9C7-4325-B17B-B001FCEB5B20}
		{E461C0A8-8900-485C-B520-E929BA33F712} = {2A0647B2-B9C7-4325-B17B-B001FCEB5B20}
		{02E1A8BB-2215-4F46-9438-A89FEF5BD4B1} = {95A62785-7BC2-49E5-A0EE-13B374EAB5F3}
		{D2DD7D08-52C9-4645-B90D-B0BCA0E475E7} = {95A62785-7BC2-49E5-A0EE-13B374EAB5F3}
		{907F8CE7-21C5-4B1C-B61A-764DDB0D6C43} = {95A62785-7BC2-49E5-A0EE-13B374EAB5F3}
		{383EB3AA-2C33-48FF-A7A0-A714FA018E66} = {4561F9DF-5AE3-4CB8-86B8-ECB34EC9CA9C}
		{DD51561A-6FD9-4A6F-BA9C-A6D9DD4FAB4F} = {417B38D3-A522-4D93-B8CF-45E5F86F2A5B}
		{E48933C1-354F-4DB6-B64E-71F8AC692CD0} = {4561F9DF-5AE3-4CB8-86B8-ECB34EC9CA9C}
		{36656759-924E-4784-ABF5-F542F14C0DA3} = {E48933C1-354F-4DB6-B64E-71F8AC692CD0}
		{763220BD-F845-4FF0-A7AF-53E9C049109F} = {417B38D3-A522-4D93-B8CF-45E5F86F2A5B}
		{61379F51-7D10-4681-AD46-DD7BF7EC4386} = {CCA3CF4C-10CF-46E6-A572-6FADF377B36F}
		{C3CAB2EE-F072-4277-B801-24B7C0BF6ED0} = {CCA3CF4C-10CF-46E6-A572-6FADF377B36F}
		{F28F2CB4-A8CD-40B3-A866-A95F86360DC8} = {C3CAB2EE-F072-4277-B801-24B7C0BF6ED0}
		{0ED95612-501F-4DC3-9A08-EDC30CFC9689} = {CCA3CF4C-10CF-46E6-A572-6FADF377B36F}
		{44E87042-8756-4DC5-94EE-3487497F5FE0} = {9D0B925C-6199-4191-82C4-724960B84A94}
		{48D66483-4793-43F3-91D5-040A1C9E0DDC} = {9D0B925C-6199-4191-82C4-724960B84A94}
		{8D661F5D-1314-44D2-9986-05C37FF5012B} = {9D0B925C-6199-4191-82C4-724960B84A94}
		{E4C5612A-2F0F-4E2B-A887-B10296E0CA95} = {417B38D3-A522-4D93-B8CF-45E5F86F2A5B}
		{8708F054-D5DB-4B35-B149-2E8A31B8175D} = {9390458C-7A72-4FFC-ACDB-06F34D8784E3}
		{550A0083-4A4F-44AB-81DB-D6E647CF2DED} = {417B38D3-A522-4D93-B8CF-45E5F86F2A5B}
		{7CA0623D-3F75-4D99-A118-2DB2B0DB8002} = {D5E550D0-91E4-45A5-9CD9-D4A8A45EE4BE}
		{61D5B370-0F09-4103-8E4E-6D28FD5BE49A} = {D5E550D0-91E4-45A5-9CD9-D4A8A45EE4BE}
		{24BE6B33-CA15-41B5-BCC7-89CDC74CDCBB} = {61D5B370-0F09-4103-8E4E-6D28FD5BE49A}
		{217B8074-7A21-4576-AEEF-34C73B26150E} = {D2EF40D7-A985-41CF-915A-91A2ABAEF78B}
		{4C87E06A-570E-4FAE-9116-0EDBB1CF66A7} = {D2EF40D7-A985-41CF-915A-91A2ABAEF78B}
		{1EB7B04D-B943-4C7C-9596-9732A56E2182} = {9B483AF5-C0B4-46D0-B17E-D7C7C24EE311}
		{6D064AA7-5B48-4E02-B887-3F8021A8AA5F} = {9B483AF5-C0B4-46D0-B17E-D7C7C24EE311}
		{3700A332-F058-4F15-B5D5-E2698C974ADA} = {9B483AF5-C0B4-46D0-B17E-D7C7C24EE311}
		{ED8D078B-9E26-40F7-A2BF-28AB2A2D7344} = {3700A332-F058-4F15-B5D5-E2698C974ADA}
		{153C813C-AC63-48DA-9CE6-6D077D3B1EDE} = {3700A332-F058-4F15-B5D5-E2698C974ADA}
		{8021C99E-B2B1-4085-9A4B-FCBD1102C260} = {9B483AF5-C0B4-46D0-B17E-D7C7C24EE311}
		{CE0D28FA-11C8-4636-A651-E89DB1F64544} = {8021C99E-B2B1-4085-9A4B-FCBD1102C260}
		{B12B61CC-D1AF-4255-8E0B-5DD0661F765B} = {3700A332-F058-4F15-B5D5-E2698C974ADA}
		{1FE00140-348B-4318-A636-CF67D5F46832} = {00CA2AF8-2E62-43EC-A87E-BB9F740EA95E}
		{0FFCB4DC-A47C-4FC5-9FBA-FC6E2AFD15D0} = {00CA2AF8-2E62-43EC-A87E-BB9F740EA95E}
		{6E10E8A8-CA5D-42F4-B29C-1393656417F5} = {00CA2AF8-2E62-43EC-A87E-BB9F740EA95E}
		{7ECBFC00-4ABF-4900-9904-45BA0242A8B7} = {00CA2AF8-2E62-43EC-A87E-BB9F740EA95E}
	EndGlobalSection
	GlobalSection(ExtensibilityGlobals) = postSolution
		SolutionGuid = {747255DC-99FA-43C4-A260-476CBD864825}
	EndGlobalSection
EndGlobal
