
Microsoft Visual Studio Solution File, Format Version 12.00
# Visual Studio Version 17
VisualStudioVersion = 17.9.34607.119
MinimumVisualStudioVersion = 10.0.40219.1
Project("{FAE04EC0-301F-11D3-BF4B-00C04F79EFBC}") = "Sample_p38", "Sample_p38\Sample_p38.csproj", "{02172753-926E-4688-87DD-C8519CE09E97}"
EndProject
Project("{2150E333-8FDC-42A3-9474-1A3956D46DE8}") = "Chapter02", "Chapter02", "{DA9B0B93-9194-4098-A272-1DF78902520C}"
EndProject
Project("{FAE04EC0-301F-11D3-BF4B-00C04F79EFBC}") = "DistanceConverter", "..\..\Chapter02\DistanceConverter\DistanceConverter.csproj", "{EB77809A-C20E-4469-B10A-044F6EF290AA}"
EndProject
Project("{2150E333-8FDC-42A3-9474-1A3956D46DE8}") = "Chapter01", "Chapter01", "{D86D9508-52FA-4901-9D6E-AF4A11772407}"
EndProject
Project("{2150E333-8FDC-42A3-9474-1A3956D46DE8}") = "距離換算プログラム", "距離換算プログラム", "{F1E8DA9B-0D50-4DAF-9E4B-729CACFA5570}"
EndProject
Global
	GlobalSection(SolutionConfigurationPlatforms) = preSolution
		Debug|Any CPU = Debug|Any CPU
		Release|Any CPU = Release|Any CPU
	EndGlobalSection
	GlobalSection(ProjectConfigurationPlatforms) = postSolution
		{02172753-926E-4688-87DD-C8519CE09E97}.Debug|Any CPU.ActiveCfg = Debug|Any CPU
		{02172753-926E-4688-87DD-C8519CE09E97}.Debug|Any CPU.Build.0 = Debug|Any CPU
		{02172753-926E-4688-87DD-C8519CE09E97}.Release|Any CPU.ActiveCfg = Release|Any CPU
		{02172753-926E-4688-87DD-C8519CE09E97}.Release|Any CPU.Build.0 = Release|Any CPU
		{EB77809A-C20E-4469-B10A-044F6EF290AA}.Debug|Any CPU.ActiveCfg = Debug|Any CPU
		{EB77809A-C20E-4469-B10A-044F6EF290AA}.Debug|Any CPU.Build.0 = Debug|Any CPU
		{EB77809A-C20E-4469-B10A-044F6EF290AA}.Release|Any CPU.ActiveCfg = Release|Any CPU
		{EB77809A-C20E-4469-B10A-044F6EF290AA}.Release|Any CPU.Build.0 = Release|Any CPU
	EndGlobalSection
	GlobalSection(SolutionProperties) = preSolution
		HideSolutionNode = FALSE
	EndGlobalSection
	GlobalSection(NestedProjects) = preSolution
		{02172753-926E-4688-87DD-C8519CE09E97} = {D86D9508-52FA-4901-9D6E-AF4A11772407}
		{EB77809A-C20E-4469-B10A-044F6EF290AA} = {F1E8DA9B-0D50-4DAF-9E4B-729CACFA5570}
		{F1E8DA9B-0D50-4DAF-9E4B-729CACFA5570} = {DA9B0B93-9194-4098-A272-1DF78902520C}
	EndGlobalSection
	GlobalSection(ExtensibilityGlobals) = postSolution
		SolutionGuid = {01F7D2C7-B76C-4EBC-9CF9-51A97A0B280B}
	EndGlobalSection
EndGlobal
